
Microsoft Visual Studio Solution File, Format Version 12.00
# Visual Studio Version 16
VisualStudioVersion = 16.0.30011.22
MinimumVisualStudioVersion = 10.0.40219.1
Project("{FAE04EC0-301F-11D3-BF4B-00C04F79EFBC}") = "TestRepoLib", "TestRepoLib\TestRepoLib.csproj", "{FC0A2BD8-8243-4669-B4FB-2616E4C35974}"
EndProject
Global
	GlobalSection(SolutionConfigurationPlatforms) = preSolution
		Debug|Any CPU = Debug|Any CPU
		Release|Any CPU = Release|Any CPU
	EndGlobalSection
	GlobalSection(ProjectConfigurationPlatforms) = postSolution
		{FC0A2BD8-8243-4669-B4FB-2616E4C35974}.Debug|Any CPU.ActiveCfg = Debug|Any CPU
		{FC0A2BD8-8243-4669-B4FB-2616E4C35974}.Debug|Any CPU.Build.0 = Debug|Any CPU
		{FC0A2BD8-8243-4669-B4FB-2616E4C35974}.Release|Any CPU.ActiveCfg = Release|Any CPU
		{FC0A2BD8-8243-4669-B4FB-2616E4C35974}.Release|Any CPU.Build.0 = Release|Any CPU
	EndGlobalSection
	GlobalSection(SolutionProperties) = preSolution
		HideSolutionNode = FALSE
	EndGlobalSection
	GlobalSection(ExtensibilityGlobals) = postSolution
		SolutionGuid = {31BFD3F6-EC78-4459-84F9-FE52512E5311}
	EndGlobalSection
EndGlobal
